
Microsoft Visual Studio Solution File, Format Version 12.00
# Visual Studio 14
VisualStudioVersion = 14.0.25420.1
MinimumVisualStudioVersion = 10.0.40219.1
Project("{8BC9CEB8-8B4A-11D0-8D11-00A0C91BC942}") = "Eve", "Eve\Eve.vcxproj", "{27193795-595C-465D-BE6C-D6F9DBB2AF5F}"
EndProject
Project("{8BC9CEB8-8B4A-11D0-8D11-00A0C91BC942}") = "EveSample", "EveSample\EveSample.vcxproj", "{A9577BC1-A4C4-4E5B-9E10-D3F63B0F1490}"
EndProject
Project("{8BC9CEB8-8B4A-11D0-8D11-00A0C91BC942}") = "EveTest", "EveTest\EveTest.vcxproj", "{A57FD118-752A-4FAF-8544-5C0A3E48A4C0}"
	ProjectSection(ProjectDependencies) = postProject
		{27193795-595C-465D-BE6C-D6F9DBB2AF5F} = {27193795-595C-465D-BE6C-D6F9DBB2AF5F}
	EndProjectSection
EndProject
Global
	GlobalSection(SolutionConfigurationPlatforms) = preSolution
		Debug|x64 = Debug|x64
		Debug|x86 = Debug|x86
		Release|x64 = Release|x64
		Release|x86 = Release|x86
	EndGlobalSection
	GlobalSection(ProjectConfigurationPlatforms) = postSolution
		{27193795-595C-465D-BE6C-D6F9DBB2AF5F}.Debug|x64.ActiveCfg = Debug|x64
		{27193795-595C-465D-BE6C-D6F9DBB2AF5F}.Debug|x64.Build.0 = Debug|x64
		{27193795-595C-465D-BE6C-D6F9DBB2AF5F}.Debug|x86.ActiveCfg = Debug|Win32
		{27193795-595C-465D-BE6C-D6F9DBB2AF5F}.Debug|x86.Build.0 = Debug|Win32
		{27193795-595C-465D-BE6C-D6F9DBB2AF5F}.Release|x64.ActiveCfg = Release|x64
		{27193795-595C-465D-BE6C-D6F9DBB2AF5F}.Release|x64.Build.0 = Release|x64
		{27193795-595C-465D-BE6C-D6F9DBB2AF5F}.Release|x86.ActiveCfg = Release|Win32
		{27193795-595C-465D-BE6C-D6F9DBB2AF5F}.Release|x86.Build.0 = Release|Win32
		{A9577BC1-A4C4-4E5B-9E10-D3F63B0F1490}.Debug|x64.ActiveCfg = Debug|x64
		{A9577BC1-A4C4-4E5B-9E10-D3F63B0F1490}.Debug|x64.Build.0 = Debug|x64
		{A9577BC1-A4C4-4E5B-9E10-D3F63B0F1490}.Debug|x86.ActiveCfg = Debug|Win32
		{A9577BC1-A4C4-4E5B-9E10-D3F63B0F1490}.Debug|x86.Build.0 = Debug|Win32
		{A9577BC1-A4C4-4E5B-9E10-D3F63B0F1490}.Release|x64.ActiveCfg = Release|x64
		{A9577BC1-A4C4-4E5B-9E10-D3F63B0F1490}.Release|x64.Build.0 = Release|x64
		{A9577BC1-A4C4-4E5B-9E10-D3F63B0F1490}.Release|x86.ActiveCfg = Release|Win32
		{A9577BC1-A4C4-4E5B-9E10-D3F63B0F1490}.Release|x86.Build.0 = Release|Win32
		{A57FD118-752A-4FAF-8544-5C0A3E48A4C0}.Debug|x64.ActiveCfg = Debug|x64
		{A57FD118-752A-4FAF-8544-5C0A3E48A4C0}.Debug|x64.Build.0 = Debug|x64
		{A57FD118-752A-4FAF-8544-5C0A3E48A4C0}.Debug|x86.ActiveCfg = Debug|Win32
		{A57FD118-752A-4FAF-8544-5C0A3E48A4C0}.Debug|x86.Build.0 = Debug|Win32
		{A57FD118-752A-4FAF-8544-5C0A3E48A4C0}.Release|x64.ActiveCfg = Release|x64
		{A57FD118-752A-4FAF-8544-5C0A3E48A4C0}.Release|x64.Build.0 = Release|x64
		{A57FD118-752A-4FAF-8544-5C0A3E48A4C0}.Release|x86.ActiveCfg = Release|Win32
		{A57FD118-752A-4FAF-8544-5C0A3E48A4C0}.Release|x86.Build.0 = Release|Win32
	EndGlobalSection
	GlobalSection(SolutionProperties) = preSolution
		HideSolutionNode = FALSE
	EndGlobalSection
EndGlobal
